// !$*UTF8*$!
{
	archiveVersion = 1;
	classes = {
	};
	objectVersion = 56;
	objects = {

/* Begin PBXBuildFile section */
		230209C12A2D47AD00600B48 /* MatchModel.swift in Sources */ = {isa = PBXBuildFile; fileRef = 230209C02A2D47AD00600B48 /* MatchModel.swift */; };
		230284382A0852FD009EBDFC /* DatePlanCell.swift in Sources */ = {isa = PBXBuildFile; fileRef = 230284362A0852FD009EBDFC /* DatePlanCell.swift */; };
		230284392A0852FD009EBDFC /* DatePlanCell.xib in Resources */ = {isa = PBXBuildFile; fileRef = 230284372A0852FD009EBDFC /* DatePlanCell.xib */; };
		23080D822C17AFF700F28726 /* EurekaTable.xib in Resources */ = {isa = PBXBuildFile; fileRef = 23080D812C17AFF600F28726 /* EurekaTable.xib */; };
		2318081A2A530ACF0051012B /* SettingsViewController.swift in Sources */ = {isa = PBXBuildFile; fileRef = 231808192A530ACF0051012B /* SettingsViewController.swift */; };
		2318081C2A5311D30051012B /* DistanceViewController.swift in Sources */ = {isa = PBXBuildFile; fileRef = 2318081B2A5311D30051012B /* DistanceViewController.swift */; };
		2318081E2A53152C0051012B /* MyProfileViewController.swift in Sources */ = {isa = PBXBuildFile; fileRef = 2318081D2A53152C0051012B /* MyProfileViewController.swift */; };
		23361C3229DCC4F7006D2410 /* FirebaseFunctions in Frameworks */ = {isa = PBXBuildFile; productRef = 23361C3129DCC4F7006D2410 /* FirebaseFunctions */; };
		2350108729B474E0007A3BBA /* FirebaseMessaging in Frameworks */ = {isa = PBXBuildFile; productRef = 2350108629B474E0007A3BBA /* FirebaseMessaging */; };
		2350108929BAF7EF007A3BBA /* PushNotificationManager.swift in Sources */ = {isa = PBXBuildFile; fileRef = 2350108829BAF7EF007A3BBA /* PushNotificationManager.swift */; };
		23541A092C22276700870335 /* CustomMultipleSelectorViewController.swift in Sources */ = {isa = PBXBuildFile; fileRef = 23541A082C22276700870335 /* CustomMultipleSelectorViewController.swift */; };
		2364116F2AD4995300EAEB92 /* RExpiringMatch.swift in Sources */ = {isa = PBXBuildFile; fileRef = 2364116E2AD4995300EAEB92 /* RExpiringMatch.swift */; };
		236411712AD4B10200EAEB92 /* RChatDoc.swift in Sources */ = {isa = PBXBuildFile; fileRef = 236411702AD4B10200EAEB92 /* RChatDoc.swift */; };
		236ED1A72A9E7AA20085F616 /* IQKeyboardManagerSwift in Frameworks */ = {isa = PBXBuildFile; productRef = 236ED1A62A9E7AA20085F616 /* IQKeyboardManagerSwift */; };
		237A4B972A01ACA40065EF6B /* ProfileSetUpViewController.swift in Sources */ = {isa = PBXBuildFile; fileRef = 237A4B962A01ACA40065EF6B /* ProfileSetUpViewController.swift */; };
		237A4B9B2A02FE7C0065EF6B /* FirebaseStorage in Frameworks */ = {isa = PBXBuildFile; productRef = 237A4B9A2A02FE7C0065EF6B /* FirebaseStorage */; };
		237E7E842BC5B1830077499C /* ForgotPasswordViewController.swift in Sources */ = {isa = PBXBuildFile; fileRef = 237E7E832BC5B1830077499C /* ForgotPasswordViewController.swift */; };
		237E7E862BC6F5800077499C /* ForgotPasswordModule.swift in Sources */ = {isa = PBXBuildFile; fileRef = 237E7E852BC6F5800077499C /* ForgotPasswordModule.swift */; };
		238107832B3759D300F4746D /* ContactViewController.swift in Sources */ = {isa = PBXBuildFile; fileRef = 238107822B3759D300F4746D /* ContactViewController.swift */; };
		238107862B3D86CF00F4746D /* MessageKit in Frameworks */ = {isa = PBXBuildFile; productRef = 238107852B3D86CF00F4746D /* MessageKit */; };
		238107882B3D874200F4746D /* MessageViewController.swift in Sources */ = {isa = PBXBuildFile; fileRef = 238107872B3D874200F4746D /* MessageViewController.swift */; };
		2381078A2B3D8A9500F4746D /* Message.swift in Sources */ = {isa = PBXBuildFile; fileRef = 238107892B3D8A9500F4746D /* Message.swift */; };
		2381078C2B3D8A9D00F4746D /* Sender.swift in Sources */ = {isa = PBXBuildFile; fileRef = 2381078B2B3D8A9D00F4746D /* Sender.swift */; };
		2381078E2B3D908500F4746D /* CustomCommentCell.swift in Sources */ = {isa = PBXBuildFile; fileRef = 2381078D2B3D908500F4746D /* CustomCommentCell.swift */; };
		238625192A5A11170086DAE6 /* MatchProfileViewController.swift in Sources */ = {isa = PBXBuildFile; fileRef = 238625182A5A11170086DAE6 /* MatchProfileViewController.swift */; };
		2393FFE42C287D8200E1FA03 /* MostCompatibleViewController.swift in Sources */ = {isa = PBXBuildFile; fileRef = 2393FFE32C287D8200E1FA03 /* MostCompatibleViewController.swift */; };
		2393FFE62C2A151400E1FA03 /* RCompatible.swift in Sources */ = {isa = PBXBuildFile; fileRef = 2393FFE52C2A151400E1FA03 /* RCompatible.swift */; };
		2397DDB62BE5B2AF00DDCFB0 /* Eureka in Frameworks */ = {isa = PBXBuildFile; productRef = 2397DDB52BE5B2AF00DDCFB0 /* Eureka */; };
		2397DDB82BE9353C00DDCFB0 /* EditProfileViewController.swift in Sources */ = {isa = PBXBuildFile; fileRef = 2397DDB72BE9353C00DDCFB0 /* EditProfileViewController.swift */; };
		239A19B0296BB5F1005B6294 /* FirebaseAnalytics in Frameworks */ = {isa = PBXBuildFile; productRef = 239A19AF296BB5F1005B6294 /* FirebaseAnalytics */; };
		239A19B2296BB5F1005B6294 /* FirebaseAuth in Frameworks */ = {isa = PBXBuildFile; productRef = 239A19B1296BB5F1005B6294 /* FirebaseAuth */; };
		23AB196E2ADF3F11007E64AA /* RRegistration.swift in Sources */ = {isa = PBXBuildFile; fileRef = 23AB196D2ADF3F11007E64AA /* RRegistration.swift */; };
		23AB19702AE1CC27007E64AA /* RStatus.swift in Sources */ = {isa = PBXBuildFile; fileRef = 23AB196F2AE1CC27007E64AA /* RStatus.swift */; };
		23B4F730294B845E00C9DFB5 /* DatePlanModel.swift in Sources */ = {isa = PBXBuildFile; fileRef = 23B4F72F294B845E00C9DFB5 /* DatePlanModel.swift */; };
		23B4F732294B8F5100C9DFB5 /* LoginViewController.swift in Sources */ = {isa = PBXBuildFile; fileRef = 23B4F731294B8F5100C9DFB5 /* LoginViewController.swift */; };
		23BE85F02B2110F200228638 /* RBlockedUser.swift in Sources */ = {isa = PBXBuildFile; fileRef = 23BE85EF2B2110F200228638 /* RBlockedUser.swift */; };
		23D2AAE8293EA5100083BA22 /* AppDelegate.swift in Sources */ = {isa = PBXBuildFile; fileRef = 23D2AAE7293EA5100083BA22 /* AppDelegate.swift */; };
		23D2AAEA293EA5100083BA22 /* SceneDelegate.swift in Sources */ = {isa = PBXBuildFile; fileRef = 23D2AAE9293EA5100083BA22 /* SceneDelegate.swift */; };
		23D2AAEC293EA5100083BA22 /* HomeViewController.swift in Sources */ = {isa = PBXBuildFile; fileRef = 23D2AAEB293EA5100083BA22 /* HomeViewController.swift */; };
		23D2AAEF293EA5100083BA22 /* Main.storyboard in Resources */ = {isa = PBXBuildFile; fileRef = 23D2AAED293EA5100083BA22 /* Main.storyboard */; };
		23D2AAF2293EA5100083BA22 /* BestLife.xcdatamodeld in Sources */ = {isa = PBXBuildFile; fileRef = 23D2AAF0293EA5100083BA22 /* BestLife.xcdatamodeld */; };
		23D2AAF4293EA5120083BA22 /* Assets.xcassets in Resources */ = {isa = PBXBuildFile; fileRef = 23D2AAF3293EA5120083BA22 /* Assets.xcassets */; };
		23D2AAF7293EA5120083BA22 /* LaunchScreen.storyboard in Resources */ = {isa = PBXBuildFile; fileRef = 23D2AAF5293EA5120083BA22 /* LaunchScreen.storyboard */; };
		23D2AB04294B7E970083BA22 /* DatePlanViewController.swift in Sources */ = {isa = PBXBuildFile; fileRef = 23D2AB03294B7E970083BA22 /* DatePlanViewController.swift */; };
		23D2AB06294B7EFC0083BA22 /* AvailableDatesViewController.swift in Sources */ = {isa = PBXBuildFile; fileRef = 23D2AB05294B7EFC0083BA22 /* AvailableDatesViewController.swift */; };
		23D2AB08294B7F1D0083BA22 /* MatchesViewController.swift in Sources */ = {isa = PBXBuildFile; fileRef = 23D2AB07294B7F1D0083BA22 /* MatchesViewController.swift */; };
		23DABA492C599A5300E0DDE2 /* GoogleService-Info.plist in Resources */ = {isa = PBXBuildFile; fileRef = 23DABA482C599A5300E0DDE2 /* GoogleService-Info.plist */; };
		23DE21682AC0D60A005A31CF /* Realm in Frameworks */ = {isa = PBXBuildFile; productRef = 23DE21672AC0D60A005A31CF /* Realm */; };
		23DE216A2AC0D60A005A31CF /* RealmSwift in Frameworks */ = {isa = PBXBuildFile; productRef = 23DE21692AC0D60A005A31CF /* RealmSwift */; };
		23DE216C2AC0DEA8005A31CF /* RealmManager.swift in Sources */ = {isa = PBXBuildFile; fileRef = 23DE216B2AC0DEA8005A31CF /* RealmManager.swift */; };
		23DE216E2AC0E00E005A31CF /* RProfile.swift in Sources */ = {isa = PBXBuildFile; fileRef = 23DE216D2AC0E00E005A31CF /* RProfile.swift */; };
		23DE21702AC61092005A31CF /* RMatchModel.swift in Sources */ = {isa = PBXBuildFile; fileRef = 23DE216F2AC61092005A31CF /* RMatchModel.swift */; };
		23DED13C2A57130800C269B8 /* Kingfisher in Frameworks */ = {isa = PBXBuildFile; productRef = 23DED13B2A57130800C269B8 /* Kingfisher */; };
		23E30A0829810EC90091202E /* FirebaseFirestore in Frameworks */ = {isa = PBXBuildFile; productRef = 23E30A0729810EC90091202E /* FirebaseFirestore */; };
		23EE38862A06B2720013E63E /* ProfileModel.swift in Sources */ = {isa = PBXBuildFile; fileRef = 23EE38852A06B2720013E63E /* ProfileModel.swift */; };
/* End PBXBuildFile section */

/* Begin PBXFileReference section */
		230209C02A2D47AD00600B48 /* MatchModel.swift */ = {isa = PBXFileReference; lastKnownFileType = sourcecode.swift; path = MatchModel.swift; sourceTree = "<group>"; };
		230284362A0852FD009EBDFC /* DatePlanCell.swift */ = {isa = PBXFileReference; lastKnownFileType = sourcecode.swift; path = DatePlanCell.swift; sourceTree = "<group>"; };
		230284372A0852FD009EBDFC /* DatePlanCell.xib */ = {isa = PBXFileReference; lastKnownFileType = file.xib; path = DatePlanCell.xib; sourceTree = "<group>"; };
		23080D812C17AFF600F28726 /* EurekaTable.xib */ = {isa = PBXFileReference; lastKnownFileType = file.xib; path = EurekaTable.xib; sourceTree = "<group>"; };
		231808192A530ACF0051012B /* SettingsViewController.swift */ = {isa = PBXFileReference; lastKnownFileType = sourcecode.swift; path = SettingsViewController.swift; sourceTree = "<group>"; };
		2318081B2A5311D30051012B /* DistanceViewController.swift */ = {isa = PBXFileReference; lastKnownFileType = sourcecode.swift; path = DistanceViewController.swift; sourceTree = "<group>"; };
		2318081D2A53152C0051012B /* MyProfileViewController.swift */ = {isa = PBXFileReference; lastKnownFileType = sourcecode.swift; path = MyProfileViewController.swift; sourceTree = "<group>"; };
		2350108829BAF7EF007A3BBA /* PushNotificationManager.swift */ = {isa = PBXFileReference; lastKnownFileType = sourcecode.swift; path = PushNotificationManager.swift; sourceTree = "<group>"; };
		23541A082C22276700870335 /* CustomMultipleSelectorViewController.swift */ = {isa = PBXFileReference; lastKnownFileType = sourcecode.swift; path = CustomMultipleSelectorViewController.swift; sourceTree = "<group>"; };
		2364116E2AD4995300EAEB92 /* RExpiringMatch.swift */ = {isa = PBXFileReference; lastKnownFileType = sourcecode.swift; path = RExpiringMatch.swift; sourceTree = "<group>"; };
		236411702AD4B10200EAEB92 /* RChatDoc.swift */ = {isa = PBXFileReference; lastKnownFileType = sourcecode.swift; path = RChatDoc.swift; sourceTree = "<group>"; };
		237A4B962A01ACA40065EF6B /* ProfileSetUpViewController.swift */ = {isa = PBXFileReference; lastKnownFileType = sourcecode.swift; path = ProfileSetUpViewController.swift; sourceTree = "<group>"; };
		237E7E832BC5B1830077499C /* ForgotPasswordViewController.swift */ = {isa = PBXFileReference; lastKnownFileType = sourcecode.swift; path = ForgotPasswordViewController.swift; sourceTree = "<group>"; };
		237E7E852BC6F5800077499C /* ForgotPasswordModule.swift */ = {isa = PBXFileReference; lastKnownFileType = sourcecode.swift; path = ForgotPasswordModule.swift; sourceTree = "<group>"; };
		238107822B3759D300F4746D /* ContactViewController.swift */ = {isa = PBXFileReference; lastKnownFileType = sourcecode.swift; path = ContactViewController.swift; sourceTree = "<group>"; };
		238107872B3D874200F4746D /* MessageViewController.swift */ = {isa = PBXFileReference; lastKnownFileType = sourcecode.swift; path = MessageViewController.swift; sourceTree = "<group>"; };
		238107892B3D8A9500F4746D /* Message.swift */ = {isa = PBXFileReference; lastKnownFileType = sourcecode.swift; path = Message.swift; sourceTree = "<group>"; };
		2381078B2B3D8A9D00F4746D /* Sender.swift */ = {isa = PBXFileReference; lastKnownFileType = sourcecode.swift; path = Sender.swift; sourceTree = "<group>"; };
		2381078D2B3D908500F4746D /* CustomCommentCell.swift */ = {isa = PBXFileReference; lastKnownFileType = sourcecode.swift; path = CustomCommentCell.swift; sourceTree = "<group>"; };
		238625182A5A11170086DAE6 /* MatchProfileViewController.swift */ = {isa = PBXFileReference; lastKnownFileType = sourcecode.swift; path = MatchProfileViewController.swift; sourceTree = "<group>"; };
		2388E18D29E618D6000C83E9 /* BestLifeDebug.entitlements */ = {isa = PBXFileReference; lastKnownFileType = text.plist.entitlements; path = BestLifeDebug.entitlements; sourceTree = "<group>"; };
		2393FFE32C287D8200E1FA03 /* MostCompatibleViewController.swift */ = {isa = PBXFileReference; lastKnownFileType = sourcecode.swift; path = MostCompatibleViewController.swift; sourceTree = "<group>"; };
		2393FFE52C2A151400E1FA03 /* RCompatible.swift */ = {isa = PBXFileReference; lastKnownFileType = sourcecode.swift; path = RCompatible.swift; sourceTree = "<group>"; };
		2397DDB72BE9353C00DDCFB0 /* EditProfileViewController.swift */ = {isa = PBXFileReference; lastKnownFileType = sourcecode.swift; path = EditProfileViewController.swift; sourceTree = "<group>"; };
		239D21E32B86AF90002D0AE2 /* BestLife.entitlements */ = {isa = PBXFileReference; lastKnownFileType = text.plist.entitlements; path = BestLife.entitlements; sourceTree = "<group>"; };
		23AB196D2ADF3F11007E64AA /* RRegistration.swift */ = {isa = PBXFileReference; lastKnownFileType = sourcecode.swift; path = RRegistration.swift; sourceTree = "<group>"; };
		23AB196F2AE1CC27007E64AA /* RStatus.swift */ = {isa = PBXFileReference; lastKnownFileType = sourcecode.swift; path = RStatus.swift; sourceTree = "<group>"; };
		23B4F72F294B845E00C9DFB5 /* DatePlanModel.swift */ = {isa = PBXFileReference; lastKnownFileType = sourcecode.swift; path = DatePlanModel.swift; sourceTree = "<group>"; };
		23B4F731294B8F5100C9DFB5 /* LoginViewController.swift */ = {isa = PBXFileReference; lastKnownFileType = sourcecode.swift; path = LoginViewController.swift; sourceTree = "<group>"; };
		23BE85EF2B2110F200228638 /* RBlockedUser.swift */ = {isa = PBXFileReference; lastKnownFileType = sourcecode.swift; path = RBlockedUser.swift; sourceTree = "<group>"; };
		23D2AAE4293EA5100083BA22 /* BestLife.app */ = {isa = PBXFileReference; explicitFileType = wrapper.application; includeInIndex = 0; path = BestLife.app; sourceTree = BUILT_PRODUCTS_DIR; };
		23D2AAE7293EA5100083BA22 /* AppDelegate.swift */ = {isa = PBXFileReference; lastKnownFileType = sourcecode.swift; path = AppDelegate.swift; sourceTree = "<group>"; };
		23D2AAE9293EA5100083BA22 /* SceneDelegate.swift */ = {isa = PBXFileReference; lastKnownFileType = sourcecode.swift; path = SceneDelegate.swift; sourceTree = "<group>"; };
		23D2AAEB293EA5100083BA22 /* HomeViewController.swift */ = {isa = PBXFileReference; lastKnownFileType = sourcecode.swift; path = HomeViewController.swift; sourceTree = "<group>"; };
		23D2AAEE293EA5100083BA22 /* Base */ = {isa = PBXFileReference; lastKnownFileType = file.storyboard; name = Base; path = Base.lproj/Main.storyboard; sourceTree = "<group>"; };
		23D2AAF1293EA5100083BA22 /* BestLife.xcdatamodel */ = {isa = PBXFileReference; lastKnownFileType = wrapper.xcdatamodel; path = BestLife.xcdatamodel; sourceTree = "<group>"; };
		23D2AAF3293EA5120083BA22 /* Assets.xcassets */ = {isa = PBXFileReference; lastKnownFileType = folder.assetcatalog; path = Assets.xcassets; sourceTree = "<group>"; };
		23D2AAF6293EA5120083BA22 /* Base */ = {isa = PBXFileReference; lastKnownFileType = file.storyboard; name = Base; path = Base.lproj/LaunchScreen.storyboard; sourceTree = "<group>"; };
		23D2AAF8293EA5120083BA22 /* Info.plist */ = {isa = PBXFileReference; lastKnownFileType = text.plist.xml; path = Info.plist; sourceTree = "<group>"; };
		23D2AB03294B7E970083BA22 /* DatePlanViewController.swift */ = {isa = PBXFileReference; lastKnownFileType = sourcecode.swift; path = DatePlanViewController.swift; sourceTree = "<group>"; };
		23D2AB05294B7EFC0083BA22 /* AvailableDatesViewController.swift */ = {isa = PBXFileReference; lastKnownFileType = sourcecode.swift; path = AvailableDatesViewController.swift; sourceTree = "<group>"; };
		23D2AB07294B7F1D0083BA22 /* MatchesViewController.swift */ = {isa = PBXFileReference; lastKnownFileType = sourcecode.swift; path = MatchesViewController.swift; sourceTree = "<group>"; };
		23DABA482C599A5300E0DDE2 /* GoogleService-Info.plist */ = {isa = PBXFileReference; fileEncoding = 4; lastKnownFileType = text.plist.xml; path = "GoogleService-Info.plist"; sourceTree = "<group>"; };
		23DE216B2AC0DEA8005A31CF /* RealmManager.swift */ = {isa = PBXFileReference; lastKnownFileType = sourcecode.swift; path = RealmManager.swift; sourceTree = "<group>"; };
		23DE216D2AC0E00E005A31CF /* RProfile.swift */ = {isa = PBXFileReference; lastKnownFileType = sourcecode.swift; path = RProfile.swift; sourceTree = "<group>"; };
		23DE216F2AC61092005A31CF /* RMatchModel.swift */ = {isa = PBXFileReference; lastKnownFileType = sourcecode.swift; path = RMatchModel.swift; sourceTree = "<group>"; };
		23EE38852A06B2720013E63E /* ProfileModel.swift */ = {isa = PBXFileReference; lastKnownFileType = sourcecode.swift; path = ProfileModel.swift; sourceTree = "<group>"; };
/* End PBXFileReference section */

/* Begin PBXFrameworksBuildPhase section */
		23D2AAE1293EA5100083BA22 /* Frameworks */ = {
			isa = PBXFrameworksBuildPhase;
			buildActionMask = 2147483647;
			files = (
				2350108729B474E0007A3BBA /* FirebaseMessaging in Frameworks */,
				239A19B0296BB5F1005B6294 /* FirebaseAnalytics in Frameworks */,
				23DED13C2A57130800C269B8 /* Kingfisher in Frameworks */,
				238107862B3D86CF00F4746D /* MessageKit in Frameworks */,
				23361C3229DCC4F7006D2410 /* FirebaseFunctions in Frameworks */,
				239A19B2296BB5F1005B6294 /* FirebaseAuth in Frameworks */,
				236ED1A72A9E7AA20085F616 /* IQKeyboardManagerSwift in Frameworks */,
				23DE21682AC0D60A005A31CF /* Realm in Frameworks */,
				23E30A0829810EC90091202E /* FirebaseFirestore in Frameworks */,
				23DE216A2AC0D60A005A31CF /* RealmSwift in Frameworks */,
				237A4B9B2A02FE7C0065EF6B /* FirebaseStorage in Frameworks */,
				2397DDB62BE5B2AF00DDCFB0 /* Eureka in Frameworks */,
			);
			runOnlyForDeploymentPostprocessing = 0;
		};
/* End PBXFrameworksBuildPhase section */

/* Begin PBXGroup section */
		236ED19F2A9E61810085F616 /* Packages */ = {
			isa = PBXGroup;
			children = (
			);
			name = Packages;
			sourceTree = "<group>";
		};
		23D2AADB293EA5100083BA22 = {
			isa = PBXGroup;
			children = (
				23DABA482C599A5300E0DDE2 /* GoogleService-Info.plist */,
				236ED19F2A9E61810085F616 /* Packages */,
				23D2AAE6293EA5100083BA22 /* BestLife */,
				23D2AAE5293EA5100083BA22 /* Products */,
				23E30A0629810EC90091202E /* Frameworks */,
			);
			sourceTree = "<group>";
		};
		23D2AAE5293EA5100083BA22 /* Products */ = {
			isa = PBXGroup;
			children = (
				23D2AAE4293EA5100083BA22 /* BestLife.app */,
			);
			name = Products;
			sourceTree = "<group>";
		};
		23D2AAE6293EA5100083BA22 /* BestLife */ = {
			isa = PBXGroup;
			children = (
				239D21E32B86AF90002D0AE2 /* BestLife.entitlements */,
				2388E18D29E618D6000C83E9 /* BestLifeDebug.entitlements */,
				23D2AB00294B7DBB0083BA22 /* Model */,
				23D2AB01294B7DC80083BA22 /* View */,
				23D2AB02294B7DD30083BA22 /* Controller */,
				23D2AAE7293EA5100083BA22 /* AppDelegate.swift */,
				23D2AAE9293EA5100083BA22 /* SceneDelegate.swift */,
				23D2AAF3293EA5120083BA22 /* Assets.xcassets */,
				23D2AAF5293EA5120083BA22 /* LaunchScreen.storyboard */,
				23D2AAF8293EA5120083BA22 /* Info.plist */,
				23D2AAF0293EA5100083BA22 /* BestLife.xcdatamodeld */,
			);
			path = BestLife;
			sourceTree = "<group>";
		};
		23D2AB00294B7DBB0083BA22 /* Model */ = {
			isa = PBXGroup;
			children = (
				23B4F72F294B845E00C9DFB5 /* DatePlanModel.swift */,
				23EE38852A06B2720013E63E /* ProfileModel.swift */,
				23DE216D2AC0E00E005A31CF /* RProfile.swift */,
				230209C02A2D47AD00600B48 /* MatchModel.swift */,
				23DE216F2AC61092005A31CF /* RMatchModel.swift */,
				2350108829BAF7EF007A3BBA /* PushNotificationManager.swift */,
				23DE216B2AC0DEA8005A31CF /* RealmManager.swift */,
				2364116E2AD4995300EAEB92 /* RExpiringMatch.swift */,
				236411702AD4B10200EAEB92 /* RChatDoc.swift */,
				23AB196D2ADF3F11007E64AA /* RRegistration.swift */,
				23AB196F2AE1CC27007E64AA /* RStatus.swift */,
				23BE85EF2B2110F200228638 /* RBlockedUser.swift */,
				238107892B3D8A9500F4746D /* Message.swift */,
				2381078B2B3D8A9D00F4746D /* Sender.swift */,
				2381078D2B3D908500F4746D /* CustomCommentCell.swift */,
				23541A082C22276700870335 /* CustomMultipleSelectorViewController.swift */,
				2393FFE52C2A151400E1FA03 /* RCompatible.swift */,
			);
			path = Model;
			sourceTree = "<group>";
		};
		23D2AB01294B7DC80083BA22 /* View */ = {
			isa = PBXGroup;
			children = (
				23D2AAED293EA5100083BA22 /* Main.storyboard */,
				230284362A0852FD009EBDFC /* DatePlanCell.swift */,
				230284372A0852FD009EBDFC /* DatePlanCell.xib */,
				23080D812C17AFF600F28726 /* EurekaTable.xib */,
			);
			path = View;
			sourceTree = "<group>";
		};
		23D2AB02294B7DD30083BA22 /* Controller */ = {
			isa = PBXGroup;
			children = (
				23B4F731294B8F5100C9DFB5 /* LoginViewController.swift */,
				237A4B962A01ACA40065EF6B /* ProfileSetUpViewController.swift */,
				23D2AAEB293EA5100083BA22 /* HomeViewController.swift */,
				23D2AB03294B7E970083BA22 /* DatePlanViewController.swift */,
				23D2AB05294B7EFC0083BA22 /* AvailableDatesViewController.swift */,
				23D2AB07294B7F1D0083BA22 /* MatchesViewController.swift */,
				231808192A530ACF0051012B /* SettingsViewController.swift */,
				2318081B2A5311D30051012B /* DistanceViewController.swift */,
				2318081D2A53152C0051012B /* MyProfileViewController.swift */,
				238625182A5A11170086DAE6 /* MatchProfileViewController.swift */,
				238107822B3759D300F4746D /* ContactViewController.swift */,
				238107872B3D874200F4746D /* MessageViewController.swift */,
				237E7E832BC5B1830077499C /* ForgotPasswordViewController.swift */,
				237E7E852BC6F5800077499C /* ForgotPasswordModule.swift */,
				2397DDB72BE9353C00DDCFB0 /* EditProfileViewController.swift */,
				2393FFE32C287D8200E1FA03 /* MostCompatibleViewController.swift */,
			);
			path = Controller;
			sourceTree = "<group>";
		};
		23E30A0629810EC90091202E /* Frameworks */ = {
			isa = PBXGroup;
			children = (
			);
			name = Frameworks;
			sourceTree = "<group>";
		};
/* End PBXGroup section */

/* Begin PBXNativeTarget section */
		23D2AAE3293EA5100083BA22 /* BestLife */ = {
			isa = PBXNativeTarget;
			buildConfigurationList = 23D2AAFB293EA5120083BA22 /* Build configuration list for PBXNativeTarget "BestLife" */;
			buildPhases = (
				23D2AAE0293EA5100083BA22 /* Sources */,
				23D2AAE1293EA5100083BA22 /* Frameworks */,
				23D2AAE2293EA5100083BA22 /* Resources */,
				23DABA472C5846D800E0DDE2 /* ShellScript */,
			);
			buildRules = (
			);
			dependencies = (
			);
			name = BestLife;
			packageProductDependencies = (
				239A19AF296BB5F1005B6294 /* FirebaseAnalytics */,
				239A19B1296BB5F1005B6294 /* FirebaseAuth */,
				23E30A0729810EC90091202E /* FirebaseFirestore */,
				2350108629B474E0007A3BBA /* FirebaseMessaging */,
				23361C3129DCC4F7006D2410 /* FirebaseFunctions */,
				237A4B9A2A02FE7C0065EF6B /* FirebaseStorage */,
				23DED13B2A57130800C269B8 /* Kingfisher */,
				236ED1A62A9E7AA20085F616 /* IQKeyboardManagerSwift */,
				23DE21672AC0D60A005A31CF /* Realm */,
				23DE21692AC0D60A005A31CF /* RealmSwift */,
				238107852B3D86CF00F4746D /* MessageKit */,
				2397DDB52BE5B2AF00DDCFB0 /* Eureka */,
			);
			productName = BestLife;
			productReference = 23D2AAE4293EA5100083BA22 /* BestLife.app */;
			productType = "com.apple.product-type.application";
		};
/* End PBXNativeTarget section */

/* Begin PBXProject section */
		23D2AADC293EA5100083BA22 /* Project object */ = {
			isa = PBXProject;
			attributes = {
				BuildIndependentTargetsInParallel = 1;
				LastSwiftUpdateCheck = 1410;
				LastUpgradeCheck = 1410;
				TargetAttributes = {
					23D2AAE3293EA5100083BA22 = {
						CreatedOnToolsVersion = 14.1;
					};
				};
			};
			buildConfigurationList = 23D2AADF293EA5100083BA22 /* Build configuration list for PBXProject "BestLife" */;
			compatibilityVersion = "Xcode 14.0";
			developmentRegion = en;
			hasScannedForEncodings = 0;
			knownRegions = (
				en,
				Base,
			);
			mainGroup = 23D2AADB293EA5100083BA22;
			packageReferences = (
				239A19AE296BB5F1005B6294 /* XCRemoteSwiftPackageReference "firebase-ios-sdk" */,
				23DED13A2A57130800C269B8 /* XCRemoteSwiftPackageReference "Kingfisher" */,
				236ED1A52A9E7AA20085F616 /* XCRemoteSwiftPackageReference "IQKeyboardManager" */,
				23DE21662AC0D60A005A31CF /* XCRemoteSwiftPackageReference "realm-swift" */,
				238107842B3D86CF00F4746D /* XCRemoteSwiftPackageReference "MessageKit" */,
				2397DDB42BE5B2AF00DDCFB0 /* XCRemoteSwiftPackageReference "Eureka" */,
			);
			productRefGroup = 23D2AAE5293EA5100083BA22 /* Products */;
			projectDirPath = "";
			projectRoot = "";
			targets = (
				23D2AAE3293EA5100083BA22 /* BestLife */,
			);
		};
/* End PBXProject section */

/* Begin PBXResourcesBuildPhase section */
		23D2AAE2293EA5100083BA22 /* Resources */ = {
			isa = PBXResourcesBuildPhase;
			buildActionMask = 2147483647;
			files = (
				23D2AAF7293EA5120083BA22 /* LaunchScreen.storyboard in Resources */,
				23D2AAF4293EA5120083BA22 /* Assets.xcassets in Resources */,
				230284392A0852FD009EBDFC /* DatePlanCell.xib in Resources */,
				23080D822C17AFF700F28726 /* EurekaTable.xib in Resources */,
				23D2AAEF293EA5100083BA22 /* Main.storyboard in Resources */,
				23DABA492C599A5300E0DDE2 /* GoogleService-Info.plist in Resources */,
			);
			runOnlyForDeploymentPostprocessing = 0;
		};
/* End PBXResourcesBuildPhase section */

/* Begin PBXShellScriptBuildPhase section */
		23DABA472C5846D800E0DDE2 /* ShellScript */ = {
			isa = PBXShellScriptBuildPhase;
			alwaysOutOfDate = 1;
			buildActionMask = 2147483647;
			files = (
			);
			inputFileListPaths = (
			);
			inputPaths = (
				"${DWARF_DSYM_FOLDER_PATH}/${DWARF_DSYM_FILE_NAME}",
				"${DWARF_DSYM_FOLDER_PATH}/${DWARF_DSYM_FILE_NAME}/Contents/Resources/DWARF/${PRODUCT_NAME}",
				"${DWARF_DSYM_FOLDER_PATH}/${DWARF_DSYM_FILE_NAME}/Contents/Info.plist",
				"$(TARGET_BUILD_DIR)/$(UNLOCALIZED_RESOURCES_FOLDER_PATH)/GoogleService-Info.plist",
				"$(TARGET_BUILD_DIR)/$(EXECUTABLE_PATH)",
			);
			outputFileListPaths = (
			);
			outputPaths = (
			);
			runOnlyForDeploymentPostprocessing = 0;
			shellPath = /bin/sh;
			shellScript = "# Type a script or drag a script file from your workspace to insert its path.\necho \"starting a script\"\n\"${BUILD_DIR%/Build/*}/SourcePackages/checkouts/firebase-ios-sdk/Crashlytics/run\" 2>&1 | tee crashlytics_output.log\nif [ ${PIPESTATUS[0]} -ne 0 ]; then\necho \"failed with error code ${PIPESTATUS[0]}\"\nexit 1\nfi\necho \"Crashlytics run script completed\"\n";
		};
/* End PBXShellScriptBuildPhase section */

/* Begin PBXSourcesBuildPhase section */
		23D2AAE0293EA5100083BA22 /* Sources */ = {
			isa = PBXSourcesBuildPhase;
			buildActionMask = 2147483647;
			files = (
				237E7E842BC5B1830077499C /* ForgotPasswordViewController.swift in Sources */,
				2381078E2B3D908500F4746D /* CustomCommentCell.swift in Sources */,
				23EE38862A06B2720013E63E /* ProfileModel.swift in Sources */,
				238107832B3759D300F4746D /* ContactViewController.swift in Sources */,
				237A4B972A01ACA40065EF6B /* ProfileSetUpViewController.swift in Sources */,
				23D2AB08294B7F1D0083BA22 /* MatchesViewController.swift in Sources */,
				23DE216C2AC0DEA8005A31CF /* RealmManager.swift in Sources */,
				23DE21702AC61092005A31CF /* RMatchModel.swift in Sources */,
				2364116F2AD4995300EAEB92 /* RExpiringMatch.swift in Sources */,
				23AB196E2ADF3F11007E64AA /* RRegistration.swift in Sources */,
				2397DDB82BE9353C00DDCFB0 /* EditProfileViewController.swift in Sources */,
				23D2AB06294B7EFC0083BA22 /* AvailableDatesViewController.swift in Sources */,
				23D2AAEC293EA5100083BA22 /* HomeViewController.swift in Sources */,
				23541A092C22276700870335 /* CustomMultipleSelectorViewController.swift in Sources */,
				23BE85F02B2110F200228638 /* RBlockedUser.swift in Sources */,
				23B4F730294B845E00C9DFB5 /* DatePlanModel.swift in Sources */,
				23D2AB04294B7E970083BA22 /* DatePlanViewController.swift in Sources */,
				230284382A0852FD009EBDFC /* DatePlanCell.swift in Sources */,
				238625192A5A11170086DAE6 /* MatchProfileViewController.swift in Sources */,
				23DE216E2AC0E00E005A31CF /* RProfile.swift in Sources */,
				230209C12A2D47AD00600B48 /* MatchModel.swift in Sources */,
				2393FFE62C2A151400E1FA03 /* RCompatible.swift in Sources */,
				2318081E2A53152C0051012B /* MyProfileViewController.swift in Sources */,
				238107882B3D874200F4746D /* MessageViewController.swift in Sources */,
				2393FFE42C287D8200E1FA03 /* MostCompatibleViewController.swift in Sources */,
				2318081C2A5311D30051012B /* DistanceViewController.swift in Sources */,
				23D2AAE8293EA5100083BA22 /* AppDelegate.swift in Sources */,
				2350108929BAF7EF007A3BBA /* PushNotificationManager.swift in Sources */,
				236411712AD4B10200EAEB92 /* RChatDoc.swift in Sources */,
				23D2AAEA293EA5100083BA22 /* SceneDelegate.swift in Sources */,
				23B4F732294B8F5100C9DFB5 /* LoginViewController.swift in Sources */,
				237E7E862BC6F5800077499C /* ForgotPasswordModule.swift in Sources */,
				23D2AAF2293EA5100083BA22 /* BestLife.xcdatamodeld in Sources */,
				2381078A2B3D8A9500F4746D /* Message.swift in Sources */,
				23AB19702AE1CC27007E64AA /* RStatus.swift in Sources */,
				2318081A2A530ACF0051012B /* SettingsViewController.swift in Sources */,
				2381078C2B3D8A9D00F4746D /* Sender.swift in Sources */,
			);
			runOnlyForDeploymentPostprocessing = 0;
		};
/* End PBXSourcesBuildPhase section */

/* Begin PBXVariantGroup section */
		23D2AAED293EA5100083BA22 /* Main.storyboard */ = {
			isa = PBXVariantGroup;
			children = (
				23D2AAEE293EA5100083BA22 /* Base */,
			);
			name = Main.storyboard;
			sourceTree = "<group>";
		};
		23D2AAF5293EA5120083BA22 /* LaunchScreen.storyboard */ = {
			isa = PBXVariantGroup;
			children = (
				23D2AAF6293EA5120083BA22 /* Base */,
			);
			name = LaunchScreen.storyboard;
			sourceTree = "<group>";
		};
/* End PBXVariantGroup section */

/* Begin XCBuildConfiguration section */
		23D2AAF9293EA5120083BA22 /* Debug */ = {
			isa = XCBuildConfiguration;
			buildSettings = {
				ALWAYS_SEARCH_USER_PATHS = NO;
				CLANG_ANALYZER_NONNULL = YES;
				CLANG_ANALYZER_NUMBER_OBJECT_CONVERSION = YES_AGGRESSIVE;
				CLANG_CXX_LANGUAGE_STANDARD = "gnu++20";
				CLANG_ENABLE_MODULES = YES;
				CLANG_ENABLE_OBJC_ARC = YES;
				CLANG_ENABLE_OBJC_WEAK = YES;
				CLANG_WARN_BLOCK_CAPTURE_AUTORELEASING = YES;
				CLANG_WARN_BOOL_CONVERSION = YES;
				CLANG_WARN_COMMA = YES;
				CLANG_WARN_CONSTANT_CONVERSION = YES;
				CLANG_WARN_DEPRECATED_OBJC_IMPLEMENTATIONS = YES;
				CLANG_WARN_DIRECT_OBJC_ISA_USAGE = YES_ERROR;
				CLANG_WARN_DOCUMENTATION_COMMENTS = YES;
				CLANG_WARN_EMPTY_BODY = YES;
				CLANG_WARN_ENUM_CONVERSION = YES;
				CLANG_WARN_INFINITE_RECURSION = YES;
				CLANG_WARN_INT_CONVERSION = YES;
				CLANG_WARN_NON_LITERAL_NULL_CONVERSION = YES;
				CLANG_WARN_OBJC_IMPLICIT_RETAIN_SELF = YES;
				CLANG_WARN_OBJC_LITERAL_CONVERSION = YES;
				CLANG_WARN_OBJC_ROOT_CLASS = YES_ERROR;
				CLANG_WARN_QUOTED_INCLUDE_IN_FRAMEWORK_HEADER = YES;
				CLANG_WARN_RANGE_LOOP_ANALYSIS = YES;
				CLANG_WARN_STRICT_PROTOTYPES = YES;
				CLANG_WARN_SUSPICIOUS_MOVE = YES;
				CLANG_WARN_UNGUARDED_AVAILABILITY = YES_AGGRESSIVE;
				CLANG_WARN_UNREACHABLE_CODE = YES;
				CLANG_WARN__DUPLICATE_METHOD_MATCH = YES;
				COPY_PHASE_STRIP = NO;
				DEBUG_INFORMATION_FORMAT = dwarf;
				ENABLE_STRICT_OBJC_MSGSEND = YES;
				ENABLE_TESTABILITY = YES;
				GCC_C_LANGUAGE_STANDARD = gnu11;
				GCC_DYNAMIC_NO_PIC = NO;
				GCC_NO_COMMON_BLOCKS = YES;
				GCC_OPTIMIZATION_LEVEL = 0;
				GCC_PREPROCESSOR_DEFINITIONS = (
					"DEBUG=1",
					"$(inherited)",
				);
				GCC_WARN_64_TO_32_BIT_CONVERSION = YES;
				GCC_WARN_ABOUT_RETURN_TYPE = YES_ERROR;
				GCC_WARN_UNDECLARED_SELECTOR = YES;
				GCC_WARN_UNINITIALIZED_AUTOS = YES_AGGRESSIVE;
				GCC_WARN_UNUSED_FUNCTION = YES;
				GCC_WARN_UNUSED_VARIABLE = YES;
				IPHONEOS_DEPLOYMENT_TARGET = 16.1;
				MTL_ENABLE_DEBUG_INFO = INCLUDE_SOURCE;
				MTL_FAST_MATH = YES;
				ONLY_ACTIVE_ARCH = YES;
				SDKROOT = iphoneos;
				SWIFT_ACTIVE_COMPILATION_CONDITIONS = DEBUG;
				SWIFT_OPTIMIZATION_LEVEL = "-Onone";
			};
			name = Debug;
		};
		23D2AAFA293EA5120083BA22 /* Release */ = {
			isa = XCBuildConfiguration;
			buildSettings = {
				ALWAYS_SEARCH_USER_PATHS = NO;
				CLANG_ANALYZER_NONNULL = YES;
				CLANG_ANALYZER_NUMBER_OBJECT_CONVERSION = YES_AGGRESSIVE;
				CLANG_CXX_LANGUAGE_STANDARD = "gnu++20";
				CLANG_ENABLE_MODULES = YES;
				CLANG_ENABLE_OBJC_ARC = YES;
				CLANG_ENABLE_OBJC_WEAK = YES;
				CLANG_WARN_BLOCK_CAPTURE_AUTORELEASING = YES;
				CLANG_WARN_BOOL_CONVERSION = YES;
				CLANG_WARN_COMMA = YES;
				CLANG_WARN_CONSTANT_CONVERSION = YES;
				CLANG_WARN_DEPRECATED_OBJC_IMPLEMENTATIONS = YES;
				CLANG_WARN_DIRECT_OBJC_ISA_USAGE = YES_ERROR;
				CLANG_WARN_DOCUMENTATION_COMMENTS = YES;
				CLANG_WARN_EMPTY_BODY = YES;
				CLANG_WARN_ENUM_CONVERSION = YES;
				CLANG_WARN_INFINITE_RECURSION = YES;
				CLANG_WARN_INT_CONVERSION = YES;
				CLANG_WARN_NON_LITERAL_NULL_CONVERSION = YES;
				CLANG_WARN_OBJC_IMPLICIT_RETAIN_SELF = YES;
				CLANG_WARN_OBJC_LITERAL_CONVERSION = YES;
				CLANG_WARN_OBJC_ROOT_CLASS = YES_ERROR;
				CLANG_WARN_QUOTED_INCLUDE_IN_FRAMEWORK_HEADER = YES;
				CLANG_WARN_RANGE_LOOP_ANALYSIS = YES;
				CLANG_WARN_STRICT_PROTOTYPES = YES;
				CLANG_WARN_SUSPICIOUS_MOVE = YES;
				CLANG_WARN_UNGUARDED_AVAILABILITY = YES_AGGRESSIVE;
				CLANG_WARN_UNREACHABLE_CODE = YES;
				CLANG_WARN__DUPLICATE_METHOD_MATCH = YES;
				COPY_PHASE_STRIP = NO;
				DEBUG_INFORMATION_FORMAT = "dwarf-with-dsym";
				ENABLE_NS_ASSERTIONS = NO;
				ENABLE_STRICT_OBJC_MSGSEND = YES;
				GCC_C_LANGUAGE_STANDARD = gnu11;
				GCC_NO_COMMON_BLOCKS = YES;
				GCC_WARN_64_TO_32_BIT_CONVERSION = YES;
				GCC_WARN_ABOUT_RETURN_TYPE = YES_ERROR;
				GCC_WARN_UNDECLARED_SELECTOR = YES;
				GCC_WARN_UNINITIALIZED_AUTOS = YES_AGGRESSIVE;
				GCC_WARN_UNUSED_FUNCTION = YES;
				GCC_WARN_UNUSED_VARIABLE = YES;
				INFOPLIST_KEY_CFBundleDisplayName = "Just Friends";
				IPHONEOS_DEPLOYMENT_TARGET = 16.1;
				MTL_ENABLE_DEBUG_INFO = NO;
				MTL_FAST_MATH = YES;
				SDKROOT = iphoneos;
				SWIFT_COMPILATION_MODE = wholemodule;
				SWIFT_OPTIMIZATION_LEVEL = "-O";
				VALIDATE_PRODUCT = YES;
			};
			name = Release;
		};
		23D2AAFC293EA5120083BA22 /* Debug */ = {
			isa = XCBuildConfiguration;
			buildSettings = {
				ASSETCATALOG_COMPILER_APPICON_NAME = AppIcon;
				ASSETCATALOG_COMPILER_GLOBAL_ACCENT_COLOR_NAME = AccentColor;
				CODE_SIGN_ENTITLEMENTS = BestLife/BestLifeDebug.entitlements;
				CODE_SIGN_IDENTITY = "Apple Development";
				CODE_SIGN_STYLE = Automatic;
				COPY_PHASE_STRIP = YES;
				CURRENT_PROJECT_VERSION = 12;
				DEBUG_INFORMATION_FORMAT = "dwarf-with-dsym";
				DEVELOPMENT_TEAM = 95N7NL8994;
				GENERATE_INFOPLIST_FILE = YES;
				INFOPLIST_FILE = BestLife/Info.plist;
				INFOPLIST_KEY_CFBundleDisplayName = "Just Friends";
				INFOPLIST_KEY_NSLocationWhenInUseUsageDescription = "location needed to find people nearby";
				INFOPLIST_KEY_NSPhotoLibraryAddUsageDescription = "We need to access your library in order to add photos to it.";
				INFOPLIST_KEY_NSPhotoLibraryUsageDescription = "We need to access your photos in order to get your profile picture.";
				INFOPLIST_KEY_UIApplicationSupportsIndirectInputEvents = YES;
				INFOPLIST_KEY_UILaunchStoryboardName = LaunchScreen;
				INFOPLIST_KEY_UIMainStoryboardFile = Main;
				INFOPLIST_KEY_UIRequiresFullScreen = YES;
				INFOPLIST_KEY_UISupportedInterfaceOrientations = UIInterfaceOrientationPortrait;
				INFOPLIST_KEY_UISupportedInterfaceOrientations_iPad = "UIInterfaceOrientationPortrait UIInterfaceOrientationPortraitUpsideDown";
				INFOPLIST_KEY_UIUserInterfaceStyle = Light;
				IPHONEOS_DEPLOYMENT_TARGET = 15.1;
				LD_RUNPATH_SEARCH_PATHS = (
					"$(inherited)",
					"@executable_path/Frameworks",
				);
				MARKETING_VERSION = 1.0.14;
				NEW_SETTING = "";
				OTHER_LDFLAGS = "-ObjC";
				PRODUCT_BUNDLE_IDENTIFIER = co.jakegordon.justfriends;
				PRODUCT_NAME = "$(TARGET_NAME)";
				PROVISIONING_PROFILE_SPECIFIER = "";
				SWIFT_EMIT_LOC_STRINGS = YES;
				SWIFT_VERSION = 5.0;
				TARGETED_DEVICE_FAMILY = "1,2";
			};
			name = Debug;
		};
		23D2AAFD293EA5120083BA22 /* Release */ = {
			isa = XCBuildConfiguration;
			buildSettings = {
				ASSETCATALOG_COMPILER_APPICON_NAME = AppIcon;
				ASSETCATALOG_COMPILER_GLOBAL_ACCENT_COLOR_NAME = AccentColor;
				CODE_SIGN_ENTITLEMENTS = BestLife/BestLife.entitlements;
				CODE_SIGN_STYLE = Automatic;
				COPY_PHASE_STRIP = YES;
				CURRENT_PROJECT_VERSION = 12;
				DEVELOPMENT_TEAM = 95N7NL8994;
				GENERATE_INFOPLIST_FILE = YES;
				INFOPLIST_FILE = BestLife/Info.plist;
				INFOPLIST_KEY_CFBundleDisplayName = "Just Friends";
				INFOPLIST_KEY_NSLocationWhenInUseUsageDescription = "location needed to find people nearby";
				INFOPLIST_KEY_NSPhotoLibraryAddUsageDescription = "We need to access your library in order to add photos to it.";
				INFOPLIST_KEY_NSPhotoLibraryUsageDescription = "We need to access your photos in order to get your profile picture.";
				INFOPLIST_KEY_UIApplicationSupportsIndirectInputEvents = YES;
				INFOPLIST_KEY_UILaunchStoryboardName = LaunchScreen;
				INFOPLIST_KEY_UIMainStoryboardFile = Main;
				INFOPLIST_KEY_UIRequiresFullScreen = YES;
				INFOPLIST_KEY_UISupportedInterfaceOrientations = UIInterfaceOrientationPortrait;
				INFOPLIST_KEY_UISupportedInterfaceOrientations_iPad = "UIInterfaceOrientationPortrait UIInterfaceOrientationPortraitUpsideDown";
				INFOPLIST_KEY_UIUserInterfaceStyle = Light;
				IPHONEOS_DEPLOYMENT_TARGET = 15.1;
				LD_RUNPATH_SEARCH_PATHS = (
					"$(inherited)",
					"@executable_path/Frameworks",
				);
				MARKETING_VERSION = 1.0.14;
				NEW_SETTING = "";
				OTHER_LDFLAGS = "-ObjC";
				PRODUCT_BUNDLE_IDENTIFIER = co.jakegordon.justfriends;
				PRODUCT_NAME = "$(TARGET_NAME)";
				SWIFT_EMIT_LOC_STRINGS = YES;
				SWIFT_VERSION = 5.0;
				TARGETED_DEVICE_FAMILY = "1,2";
			};
			name = Release;
		};
/* End XCBuildConfiguration section */

/* Begin XCConfigurationList section */
		23D2AADF293EA5100083BA22 /* Build configuration list for PBXProject "BestLife" */ = {
			isa = XCConfigurationList;
			buildConfigurations = (
				23D2AAF9293EA5120083BA22 /* Debug */,
				23D2AAFA293EA5120083BA22 /* Release */,
			);
			defaultConfigurationIsVisible = 0;
			defaultConfigurationName = Release;
		};
		23D2AAFB293EA5120083BA22 /* Build configuration list for PBXNativeTarget "BestLife" */ = {
			isa = XCConfigurationList;
			buildConfigurations = (
				23D2AAFC293EA5120083BA22 /* Debug */,
				23D2AAFD293EA5120083BA22 /* Release */,
			);
			defaultConfigurationIsVisible = 0;
			defaultConfigurationName = Release;
		};
/* End XCConfigurationList section */

/* Begin XCRemoteSwiftPackageReference section */
		236ED1A52A9E7AA20085F616 /* XCRemoteSwiftPackageReference "IQKeyboardManager" */ = {
			isa = XCRemoteSwiftPackageReference;
			repositoryURL = "https://github.com/hackiftekhar/IQKeyboardManager.git";
			requirement = {
				kind = upToNextMajorVersion;
				minimumVersion = 6.0.0;
			};
		};
		238107842B3D86CF00F4746D /* XCRemoteSwiftPackageReference "MessageKit" */ = {
			isa = XCRemoteSwiftPackageReference;
			repositoryURL = "https://github.com/MessageKit/MessageKit";
			requirement = {
				kind = upToNextMajorVersion;
				minimumVersion = 4.0.0;
			};
		};
		2397DDB42BE5B2AF00DDCFB0 /* XCRemoteSwiftPackageReference "Eureka" */ = {
			isa = XCRemoteSwiftPackageReference;
			repositoryURL = "https://github.com/xmartlabs/Eureka.git";
			requirement = {
				kind = upToNextMajorVersion;
				minimumVersion = 5.4.0;
			};
		};
		239A19AE296BB5F1005B6294 /* XCRemoteSwiftPackageReference "firebase-ios-sdk" */ = {
			isa = XCRemoteSwiftPackageReference;
			repositoryURL = "https://github.com/firebase/firebase-ios-sdk";
			requirement = {
				kind = upToNextMajorVersion;
				minimumVersion = 10.6.0;
			};
		};
		23DE21662AC0D60A005A31CF /* XCRemoteSwiftPackageReference "realm-swift" */ = {
			isa = XCRemoteSwiftPackageReference;
			repositoryURL = "https://github.com/realm/realm-swift.git";
			requirement = {
				kind = upToNextMajorVersion;
				minimumVersion = 10.42.3;
			};
		};
		23DED13A2A57130800C269B8 /* XCRemoteSwiftPackageReference "Kingfisher" */ = {
			isa = XCRemoteSwiftPackageReference;
			repositoryURL = "https://github.com/onevcat/Kingfisher.git";
			requirement = {
				kind = upToNextMajorVersion;
				minimumVersion = 7.0.0;
			};
		};
/* End XCRemoteSwiftPackageReference section */

/* Begin XCSwiftPackageProductDependency section */
		23361C3129DCC4F7006D2410 /* FirebaseFunctions */ = {
			isa = XCSwiftPackageProductDependency;
			package = 239A19AE296BB5F1005B6294 /* XCRemoteSwiftPackageReference "firebase-ios-sdk" */;
			productName = FirebaseFunctions;
		};
		2350108629B474E0007A3BBA /* FirebaseMessaging */ = {
			isa = XCSwiftPackageProductDependency;
			package = 239A19AE296BB5F1005B6294 /* XCRemoteSwiftPackageReference "firebase-ios-sdk" */;
			productName = FirebaseMessaging;
		};
		236ED1A62A9E7AA20085F616 /* IQKeyboardManagerSwift */ = {
			isa = XCSwiftPackageProductDependency;
			package = 236ED1A52A9E7AA20085F616 /* XCRemoteSwiftPackageReference "IQKeyboardManager" */;
			productName = IQKeyboardManagerSwift;
		};
		237A4B9A2A02FE7C0065EF6B /* FirebaseStorage */ = {
			isa = XCSwiftPackageProductDependency;
			package = 239A19AE296BB5F1005B6294 /* XCRemoteSwiftPackageReference "firebase-ios-sdk" */;
			productName = FirebaseStorage;
		};
		238107852B3D86CF00F4746D /* MessageKit */ = {
			isa = XCSwiftPackageProductDependency;
			package = 238107842B3D86CF00F4746D /* XCRemoteSwiftPackageReference "MessageKit" */;
			productName = MessageKit;
		};
		2397DDB52BE5B2AF00DDCFB0 /* Eureka */ = {
			isa = XCSwiftPackageProductDependency;
			package = 2397DDB42BE5B2AF00DDCFB0 /* XCRemoteSwiftPackageReference "Eureka" */;
			productName = Eureka;
		};
		239A19AF296BB5F1005B6294 /* FirebaseAnalytics */ = {
			isa = XCSwiftPackageProductDependency;
			package = 239A19AE296BB5F1005B6294 /* XCRemoteSwiftPackageReference "firebase-ios-sdk" */;
			productName = FirebaseAnalytics;
		};
		239A19B1296BB5F1005B6294 /* FirebaseAuth */ = {
			isa = XCSwiftPackageProductDependency;
			package = 239A19AE296BB5F1005B6294 /* XCRemoteSwiftPackageReference "firebase-ios-sdk" */;
			productName = FirebaseAuth;
		};
		23DE21672AC0D60A005A31CF /* Realm */ = {
			isa = XCSwiftPackageProductDependency;
			package = 23DE21662AC0D60A005A31CF /* XCRemoteSwiftPackageReference "realm-swift" */;
			productName = Realm;
		};
		23DE21692AC0D60A005A31CF /* RealmSwift */ = {
			isa = XCSwiftPackageProductDependency;
			package = 23DE21662AC0D60A005A31CF /* XCRemoteSwiftPackageReference "realm-swift" */;
			productName = RealmSwift;
		};
		23DED13B2A57130800C269B8 /* Kingfisher */ = {
			isa = XCSwiftPackageProductDependency;
			package = 23DED13A2A57130800C269B8 /* XCRemoteSwiftPackageReference "Kingfisher" */;
			productName = Kingfisher;
		};
		23E30A0729810EC90091202E /* FirebaseFirestore */ = {
			isa = XCSwiftPackageProductDependency;
			package = 239A19AE296BB5F1005B6294 /* XCRemoteSwiftPackageReference "firebase-ios-sdk" */;
			productName = FirebaseFirestore;
		};
/* End XCSwiftPackageProductDependency section */

/* Begin XCVersionGroup section */
		23D2AAF0293EA5100083BA22 /* BestLife.xcdatamodeld */ = {
			isa = XCVersionGroup;
			children = (
				23D2AAF1293EA5100083BA22 /* BestLife.xcdatamodel */,
			);
			currentVersion = 23D2AAF1293EA5100083BA22 /* BestLife.xcdatamodel */;
			path = BestLife.xcdatamodeld;
			sourceTree = "<group>";
			versionGroupType = wrapper.xcdatamodel;
		};
/* End XCVersionGroup section */
	};
	rootObject = 23D2AADC293EA5100083BA22 /* Project object */;
}
